
Microsoft Visual Studio Solution File, Format Version 12.00
# Visual Studio Version 17
VisualStudioVersion = 17.2.32602.215
MinimumVisualStudioVersion = 10.0.40219.1
Project("{9A19103F-16F7-4668-BE54-9A1E7A4F7556}") = "UdemyEFCore.DatabaseFirst", "UdemyEFCore.DatabaseFirst\UdemyEFCore.DatabaseFirst.csproj", "{62410A44-E7AA-46AB-B93A-FEC2A9D8A4EE}"
EndProject
Project("{FAE04EC0-301F-11D3-BF4B-00C04F79EFBC}") = "UdemyEFCore.DatabaseFirstByScaffold", "UdemyEFCore.DatabaseFirstByScaffold\UdemyEFCore.DatabaseFirstByScaffold.csproj", "{27EF8F61-6A74-48E2-BEFF-6A0A07E735B8}"
EndProject
Global
	GlobalSection(SolutionConfigurationPlatforms) = preSolution
		Debug|Any CPU = Debug|Any CPU
		Release|Any CPU = Release|Any CPU
	EndGlobalSection
	GlobalSection(ProjectConfigurationPlatforms) = postSolution
		{62410A44-E7AA-46AB-B93A-FEC2A9D8A4EE}.Debug|Any CPU.ActiveCfg = Debug|Any CPU
		{62410A44-E7AA-46AB-B93A-FEC2A9D8A4EE}.Debug|Any CPU.Build.0 = Debug|Any CPU
		{62410A44-E7AA-46AB-B93A-FEC2A9D8A4EE}.Release|Any CPU.ActiveCfg = Release|Any CPU
		{62410A44-E7AA-46AB-B93A-FEC2A9D8A4EE}.Release|Any CPU.Build.0 = Release|Any CPU
		{27EF8F61-6A74-48E2-BEFF-6A0A07E735B8}.Debug|Any CPU.ActiveCfg = Debug|Any CPU
		{27EF8F61-6A74-48E2-BEFF-6A0A07E735B8}.Debug|Any CPU.Build.0 = Debug|Any CPU
		{27EF8F61-6A74-48E2-BEFF-6A0A07E735B8}.Release|Any CPU.ActiveCfg = Release|Any CPU
		{27EF8F61-6A74-48E2-BEFF-6A0A07E735B8}.Release|Any CPU.Build.0 = Release|Any CPU
	EndGlobalSection
	GlobalSection(SolutionProperties) = preSolution
		HideSolutionNode = FALSE
	EndGlobalSection
	GlobalSection(ExtensibilityGlobals) = postSolution
		SolutionGuid = {B1FC8574-DC6C-4CF9-86C8-B8CC89A9A5D1}
	EndGlobalSection
EndGlobal
